
Microsoft Visual Studio Solution File, Format Version 12.00
# Visual Studio 15
VisualStudioVersion = 15.0.28307.645
MinimumVisualStudioVersion = 10.0.40219.1
Project("{FAE04EC0-301F-11D3-BF4B-00C04F79EFBC}") = "SharedDb", "SharedDb\SharedDb.csproj", "{9070E6CC-EA77-4B58-A949-97969A440928}"
EndProject
Global
	GlobalSection(SolutionConfigurationPlatforms) = preSolution
		Debug|Any CPU = Debug|Any CPU
		Release|Any CPU = Release|Any CPU
	EndGlobalSection
	GlobalSection(ProjectConfigurationPlatforms) = postSolution
		{9070E6CC-EA77-4B58-A949-97969A440928}.Debug|Any CPU.ActiveCfg = Debug|Any CPU
		{9070E6CC-EA77-4B58-A949-97969A440928}.Debug|Any CPU.Build.0 = Debug|Any CPU
		{9070E6CC-EA77-4B58-A949-97969A440928}.Release|Any CPU.ActiveCfg = Release|Any CPU
		{9070E6CC-EA77-4B58-A949-97969A440928}.Release|Any CPU.Build.0 = Release|Any CPU
	EndGlobalSection
	GlobalSection(SolutionProperties) = preSolution
		HideSolutionNode = FALSE
	EndGlobalSection
	GlobalSection(ExtensibilityGlobals) = postSolution
		SolutionGuid = {5AE404E6-9644-43C6-B9C2-E014493C1128}
	EndGlobalSection
EndGlobal
